
Microsoft Visual Studio Solution File, Format Version 12.00
# Visual Studio Version 17
VisualStudioVersion = 17.5.33424.131
MinimumVisualStudioVersion = 10.0.40219.1
Project("{FAE04EC0-301F-11D3-BF4B-00C04F79EFBC}") = "LibrarieModele", "LibrarieModele\LibrarieModele.csproj", "{7AFD3CF2-3358-42E0-B66F-BA024CD1D82B}"
EndProject
Project("{FAE04EC0-301F-11D3-BF4B-00C04F79EFBC}") = "NivelStocareData", "NivelStocareData\NivelStocareData.csproj", "{C86C027B-0529-47F0-874C-847ADEC9E324}"
	ProjectSection(ProjectDependencies) = postProject
		{7AFD3CF2-3358-42E0-B66F-BA024CD1D82B} = {7AFD3CF2-3358-42E0-B66F-BA024CD1D82B}
	EndProjectSection
EndProject
Project("{FAE04EC0-301F-11D3-BF4B-00C04F79EFBC}") = "Animale_Consola", "Animale_Consola\Animale_Consola.csproj", "{4D5F3A21-C1FD-4E43-874E-440C218B3542}"
EndProject
Project("{FAE04EC0-301F-11D3-BF4B-00C04F79EFBC}") = "Animale_winForm", "Animale_winForm\Animale_winForm.csproj", "{6B635965-3F15-4E93-AC0C-66E043700D5A}"
EndProject
Global
	GlobalSection(SolutionConfigurationPlatforms) = preSolution
		Debug|Any CPU = Debug|Any CPU
		Release|Any CPU = Release|Any CPU
	EndGlobalSection
	GlobalSection(ProjectConfigurationPlatforms) = postSolution
		{7AFD3CF2-3358-42E0-B66F-BA024CD1D82B}.Debug|Any CPU.ActiveCfg = Debug|Any CPU
		{7AFD3CF2-3358-42E0-B66F-BA024CD1D82B}.Debug|Any CPU.Build.0 = Debug|Any CPU
		{7AFD3CF2-3358-42E0-B66F-BA024CD1D82B}.Release|Any CPU.ActiveCfg = Release|Any CPU
		{7AFD3CF2-3358-42E0-B66F-BA024CD1D82B}.Release|Any CPU.Build.0 = Release|Any CPU
		{C86C027B-0529-47F0-874C-847ADEC9E324}.Debug|Any CPU.ActiveCfg = Debug|Any CPU
		{C86C027B-0529-47F0-874C-847ADEC9E324}.Debug|Any CPU.Build.0 = Debug|Any CPU
		{C86C027B-0529-47F0-874C-847ADEC9E324}.Release|Any CPU.ActiveCfg = Release|Any CPU
		{C86C027B-0529-47F0-874C-847ADEC9E324}.Release|Any CPU.Build.0 = Release|Any CPU
		{4D5F3A21-C1FD-4E43-874E-440C218B3542}.Debug|Any CPU.ActiveCfg = Debug|Any CPU
		{4D5F3A21-C1FD-4E43-874E-440C218B3542}.Debug|Any CPU.Build.0 = Debug|Any CPU
		{4D5F3A21-C1FD-4E43-874E-440C218B3542}.Release|Any CPU.ActiveCfg = Release|Any CPU
		{4D5F3A21-C1FD-4E43-874E-440C218B3542}.Release|Any CPU.Build.0 = Release|Any CPU
		{6B635965-3F15-4E93-AC0C-66E043700D5A}.Debug|Any CPU.ActiveCfg = Debug|Any CPU
		{6B635965-3F15-4E93-AC0C-66E043700D5A}.Debug|Any CPU.Build.0 = Debug|Any CPU
		{6B635965-3F15-4E93-AC0C-66E043700D5A}.Release|Any CPU.ActiveCfg = Release|Any CPU
		{6B635965-3F15-4E93-AC0C-66E043700D5A}.Release|Any CPU.Build.0 = Release|Any CPU
	EndGlobalSection
	GlobalSection(SolutionProperties) = preSolution
		HideSolutionNode = FALSE
	EndGlobalSection
	GlobalSection(ExtensibilityGlobals) = postSolution
		SolutionGuid = {D24BDE04-FCAA-41CF-9400-8ECEB01FAF7E}
	EndGlobalSection
EndGlobal
